// !$*UTF8*$!
{
	archiveVersion = 1;
	classes = {
	};
	objectVersion = 50;
	objects = {

/* Begin PBXBuildFile section */
		112F48FA20BE374800B4AEB5 /* AppDelegate.m in Sources */ = {isa = PBXBuildFile; fileRef = 112F48F920BE374800B4AEB5 /* AppDelegate.m */; };
		112F48FD20BE374800B4AEB5 /* ViewController.m in Sources */ = {isa = PBXBuildFile; fileRef = 112F48FC20BE374800B4AEB5 /* ViewController.m */; };
		112F490020BE374800B4AEB5 /* Main.storyboard in Resources */ = {isa = PBXBuildFile; fileRef = 112F48FE20BE374800B4AEB5 /* Main.storyboard */; };
		112F490220BE374900B4AEB5 /* Assets.xcassets in Resources */ = {isa = PBXBuildFile; fileRef = 112F490120BE374900B4AEB5 /* Assets.xcassets */; };
		112F490520BE374900B4AEB5 /* LaunchScreen.storyboard in Resources */ = {isa = PBXBuildFile; fileRef = 112F490320BE374900B4AEB5 /* LaunchScreen.storyboard */; };
		112F490820BE374900B4AEB5 /* main.m in Sources */ = {isa = PBXBuildFile; fileRef = 112F490720BE374900B4AEB5 /* main.m */; };
		112F491220BE374A00B4AEB5 /* signinDemoTests.m in Sources */ = {isa = PBXBuildFile; fileRef = 112F491120BE374A00B4AEB5 /* signinDemoTests.m */; };
		112F491D20BE374A00B4AEB5 /* signinDemoUITests.m in Sources */ = {isa = PBXBuildFile; fileRef = 112F491C20BE374A00B4AEB5 /* signinDemoUITests.m */; };
		112F495120BE3E7A00B4AEB5 /* FUCandarContentCell.m in Sources */ = {isa = PBXBuildFile; fileRef = 112F494620BE3E7900B4AEB5 /* FUCandarContentCell.m */; };
		112F495220BE3E7A00B4AEB5 /* FUCandarModel.m in Sources */ = {isa = PBXBuildFile; fileRef = 112F494820BE3E7900B4AEB5 /* FUCandarModel.m */; };
		112F495320BE3E7A00B4AEB5 /* FUCandarContentCell.xib in Resources */ = {isa = PBXBuildFile; fileRef = 112F494920BE3E7900B4AEB5 /* FUCandarContentCell.xib */; };
		112F495420BE3E7A00B4AEB5 /* FUCandarWeekCell.m in Sources */ = {isa = PBXBuildFile; fileRef = 112F494A20BE3E7900B4AEB5 /* FUCandarWeekCell.m */; };
		112F495520BE3E7A00B4AEB5 /* FUCandarWeekCell.xib in Resources */ = {isa = PBXBuildFile; fileRef = 112F494B20BE3E7A00B4AEB5 /* FUCandarWeekCell.xib */; };
		112F495620BE3E7A00B4AEB5 /* FUCanlendarView.m in Sources */ = {isa = PBXBuildFile; fileRef = 112F494F20BE3E7A00B4AEB5 /* FUCanlendarView.m */; };
		112F495720BE3E7A00B4AEB5 /* FUCanlendarView.xib in Resources */ = {isa = PBXBuildFile; fileRef = 112F495020BE3E7A00B4AEB5 /* FUCanlendarView.xib */; };
		112F495920BE467100B4AEB5 /* screen.png in Resources */ = {isa = PBXBuildFile; fileRef = 112F495820BE467000B4AEB5 /* screen.png */; };
		80C027D8ECD96EBC41F59DCC /* libPods-signinDemo.a in Frameworks */ = {isa = PBXBuildFile; fileRef = 4B47E2681F89871B5466B58F /* libPods-signinDemo.a */; };
/* End PBXBuildFile section */

/* Begin PBXContainerItemProxy section */
		112F490E20BE374A00B4AEB5 /* PBXContainerItemProxy */ = {
			isa = PBXContainerItemProxy;
			containerPortal = 112F48ED20BE374800B4AEB5 /* Project object */;
			proxyType = 1;
			remoteGlobalIDString = 112F48F420BE374800B4AEB5;
			remoteInfo = signinDemo;
		};
		112F491920BE374A00B4AEB5 /* PBXContainerItemProxy */ = {
			isa = PBXContainerItemProxy;
			containerPortal = 112F48ED20BE374800B4AEB5 /* Project object */;
			proxyType = 1;
			remoteGlobalIDString = 112F48F420BE374800B4AEB5;
			remoteInfo = signinDemo;
		};
/* End PBXContainerItemProxy section */

/* Begin PBXFileReference section */
		112F48F520BE374800B4AEB5 /* signinDemo.app */ = {isa = PBXFileReference; explicitFileType = wrapper.application; includeInIndex = 0; path = signinDemo.app; sourceTree = BUILT_PRODUCTS_DIR; };
		112F48F820BE374800B4AEB5 /* AppDelegate.h */ = {isa = PBXFileReference; lastKnownFileType = sourcecode.c.h; path = AppDelegate.h; sourceTree = "<group>"; };
		112F48F920BE374800B4AEB5 /* AppDelegate.m */ = {isa = PBXFileReference; lastKnownFileType = sourcecode.c.objc; path = AppDelegate.m; sourceTree = "<group>"; };
		112F48FB20BE374800B4AEB5 /* ViewController.h */ = {isa = PBXFileReference; lastKnownFileType = sourcecode.c.h; path = ViewController.h; sourceTree = "<group>"; };
		112F48FC20BE374800B4AEB5 /* ViewController.m */ = {isa = PBXFileReference; lastKnownFileType = sourcecode.c.objc; path = ViewController.m; sourceTree = "<group>"; };
		112F48FF20BE374800B4AEB5 /* Base */ = {isa = PBXFileReference; lastKnownFileType = file.storyboard; name = Base; path = Base.lproj/Main.storyboard; sourceTree = "<group>"; };
		112F490120BE374900B4AEB5 /* Assets.xcassets */ = {isa = PBXFileReference; lastKnownFileType = folder.assetcatalog; path = Assets.xcassets; sourceTree = "<group>"; };
		112F490420BE374900B4AEB5 /* Base */ = {isa = PBXFileReference; lastKnownFileType = file.storyboard; name = Base; path = Base.lproj/LaunchScreen.storyboard; sourceTree = "<group>"; };
		112F490620BE374900B4AEB5 /* Info.plist */ = {isa = PBXFileReference; lastKnownFileType = text.plist.xml; path = Info.plist; sourceTree = "<group>"; };
		112F490720BE374900B4AEB5 /* main.m */ = {isa = PBXFileReference; lastKnownFileType = sourcecode.c.objc; path = main.m; sourceTree = "<group>"; };
		112F490D20BE374A00B4AEB5 /* signinDemoTests.xctest */ = {isa = PBXFileReference; explicitFileType = wrapper.cfbundle; includeInIndex = 0; path = signinDemoTests.xctest; sourceTree = BUILT_PRODUCTS_DIR; };
		112F491120BE374A00B4AEB5 /* signinDemoTests.m */ = {isa = PBXFileReference; lastKnownFileType = sourcecode.c.objc; path = signinDemoTests.m; sourceTree = "<group>"; };
		112F491320BE374A00B4AEB5 /* Info.plist */ = {isa = PBXFileReference; lastKnownFileType = text.plist.xml; path = Info.plist; sourceTree = "<group>"; };
		112F491820BE374A00B4AEB5 /* signinDemoUITests.xctest */ = {isa = PBXFileReference; explicitFileType = wrapper.cfbundle; includeInIndex = 0; path = signinDemoUITests.xctest; sourceTree = BUILT_PRODUCTS_DIR; };
		112F491C20BE374A00B4AEB5 /* signinDemoUITests.m */ = {isa = PBXFileReference; lastKnownFileType = sourcecode.c.objc; path = signinDemoUITests.m; sourceTree = "<group>"; };
		112F491E20BE374A00B4AEB5 /* Info.plist */ = {isa = PBXFileReference; lastKnownFileType = text.plist.xml; path = Info.plist; sourceTree = "<group>"; };
		112F494520BE3E7900B4AEB5 /* FUCandarWeekCell.h */ = {isa = PBXFileReference; fileEncoding = 4; lastKnownFileType = sourcecode.c.h; path = FUCandarWeekCell.h; sourceTree = "<group>"; };
		112F494620BE3E7900B4AEB5 /* FUCandarContentCell.m */ = {isa = PBXFileReference; fileEncoding = 4; lastKnownFileType = sourcecode.c.objc; path = FUCandarContentCell.m; sourceTree = "<group>"; };
		112F494720BE3E7900B4AEB5 /* FUCandarModel.h */ = {isa = PBXFileReference; fileEncoding = 4; lastKnownFileType = sourcecode.c.h; path = FUCandarModel.h; sourceTree = "<group>"; };
		112F494820BE3E7900B4AEB5 /* FUCandarModel.m */ = {isa = PBXFileReference; fileEncoding = 4; lastKnownFileType = sourcecode.c.objc; path = FUCandarModel.m; sourceTree = "<group>"; };
		112F494920BE3E7900B4AEB5 /* FUCandarContentCell.xib */ = {isa = PBXFileReference; fileEncoding = 4; lastKnownFileType = file.xib; path = FUCandarContentCell.xib; sourceTree = "<group>"; };
		112F494A20BE3E7900B4AEB5 /* FUCandarWeekCell.m */ = {isa = PBXFileReference; fileEncoding = 4; lastKnownFileType = sourcecode.c.objc; path = FUCandarWeekCell.m; sourceTree = "<group>"; };
		112F494B20BE3E7A00B4AEB5 /* FUCandarWeekCell.xib */ = {isa = PBXFileReference; fileEncoding = 4; lastKnownFileType = file.xib; path = FUCandarWeekCell.xib; sourceTree = "<group>"; };
		112F494C20BE3E7A00B4AEB5 /* FUcanlendarHeader.h */ = {isa = PBXFileReference; fileEncoding = 4; lastKnownFileType = sourcecode.c.h; path = FUcanlendarHeader.h; sourceTree = "<group>"; };
		112F494D20BE3E7A00B4AEB5 /* FUCanlendarView.h */ = {isa = PBXFileReference; fileEncoding = 4; lastKnownFileType = sourcecode.c.h; path = FUCanlendarView.h; sourceTree = "<group>"; };
		112F494E20BE3E7A00B4AEB5 /* FUCandarContentCell.h */ = {isa = PBXFileReference; fileEncoding = 4; lastKnownFileType = sourcecode.c.h; path = FUCandarContentCell.h; sourceTree = "<group>"; };
		112F494F20BE3E7A00B4AEB5 /* FUCanlendarView.m */ = {isa = PBXFileReference; fileEncoding = 4; lastKnownFileType = sourcecode.c.objc; path = FUCanlendarView.m; sourceTree = "<group>"; };
		112F495020BE3E7A00B4AEB5 /* FUCanlendarView.xib */ = {isa = PBXFileReference; fileEncoding = 4; lastKnownFileType = file.xib; path = FUCanlendarView.xib; sourceTree = "<group>"; };
		112F495820BE467000B4AEB5 /* screen.png */ = {isa = PBXFileReference; lastKnownFileType = image.png; path = screen.png; sourceTree = "<group>"; };
		4B47E2681F89871B5466B58F /* libPods-signinDemo.a */ = {isa = PBXFileReference; explicitFileType = archive.ar; includeInIndex = 0; path = "libPods-signinDemo.a"; sourceTree = BUILT_PRODUCTS_DIR; };
		4D447316C287D933C3ED4C5D /* Pods-signinDemo.release.xcconfig */ = {isa = PBXFileReference; includeInIndex = 1; lastKnownFileType = text.xcconfig; name = "Pods-signinDemo.release.xcconfig"; path = "Pods/Target Support Files/Pods-signinDemo/Pods-signinDemo.release.xcconfig"; sourceTree = "<group>"; };
		A862EEC451BEA796C98E3114 /* Pods-signinDemo.debug.xcconfig */ = {isa = PBXFileReference; includeInIndex = 1; lastKnownFileType = text.xcconfig; name = "Pods-signinDemo.debug.xcconfig"; path = "Pods/Target Support Files/Pods-signinDemo/Pods-signinDemo.debug.xcconfig"; sourceTree = "<group>"; };
/* End PBXFileReference section */

/* Begin PBXFrameworksBuildPhase section */
		112F48F220BE374800B4AEB5 /* Frameworks */ = {
			isa = PBXFrameworksBuildPhase;
			buildActionMask = 2147483647;
			files = (
				80C027D8ECD96EBC41F59DCC /* libPods-signinDemo.a in Frameworks */,
			);
			runOnlyForDeploymentPostprocessing = 0;
		};
		112F490A20BE374A00B4AEB5 /* Frameworks */ = {
			isa = PBXFrameworksBuildPhase;
			buildActionMask = 2147483647;
			files = (
			);
			runOnlyForDeploymentPostprocessing = 0;
		};
		112F491520BE374A00B4AEB5 /* Frameworks */ = {
			isa = PBXFrameworksBuildPhase;
			buildActionMask = 2147483647;
			files = (
			);
			runOnlyForDeploymentPostprocessing = 0;
		};
/* End PBXFrameworksBuildPhase section */

/* Begin PBXGroup section */
		112F48EC20BE374800B4AEB5 = {
			isa = PBXGroup;
			children = (
				112F48F720BE374800B4AEB5 /* signinDemo */,
				112F491020BE374A00B4AEB5 /* signinDemoTests */,
				112F491B20BE374A00B4AEB5 /* signinDemoUITests */,
				112F48F620BE374800B4AEB5 /* Products */,
				40C70C8E83AD9FCA76CA8F55 /* Pods */,
				C6824F751A7F6B1BA4A815A9 /* Frameworks */,
			);
			sourceTree = "<group>";
		};
		112F48F620BE374800B4AEB5 /* Products */ = {
			isa = PBXGroup;
			children = (
				112F48F520BE374800B4AEB5 /* signinDemo.app */,
				112F490D20BE374A00B4AEB5 /* signinDemoTests.xctest */,
				112F491820BE374A00B4AEB5 /* signinDemoUITests.xctest */,
			);
			name = Products;
			sourceTree = "<group>";
		};
		112F48F720BE374800B4AEB5 /* signinDemo */ = {
			isa = PBXGroup;
			children = (
				112F495820BE467000B4AEB5 /* screen.png */,
				112F494420BE3E5F00B4AEB5 /* 打卡日历 */,
				112F48F820BE374800B4AEB5 /* AppDelegate.h */,
				112F48F920BE374800B4AEB5 /* AppDelegate.m */,
				112F48FB20BE374800B4AEB5 /* ViewController.h */,
				112F48FC20BE374800B4AEB5 /* ViewController.m */,
				112F48FE20BE374800B4AEB5 /* Main.storyboard */,
				112F490120BE374900B4AEB5 /* Assets.xcassets */,
				112F490320BE374900B4AEB5 /* LaunchScreen.storyboard */,
				112F490620BE374900B4AEB5 /* Info.plist */,
				112F490720BE374900B4AEB5 /* main.m */,
			);
			path = signinDemo;
			sourceTree = "<group>";
		};
		112F491020BE374A00B4AEB5 /* signinDemoTests */ = {
			isa = PBXGroup;
			children = (
				112F491120BE374A00B4AEB5 /* signinDemoTests.m */,
				112F491320BE374A00B4AEB5 /* Info.plist */,
			);
			path = signinDemoTests;
			sourceTree = "<group>";
		};
		112F491B20BE374A00B4AEB5 /* signinDemoUITests */ = {
			isa = PBXGroup;
			children = (
				112F491C20BE374A00B4AEB5 /* signinDemoUITests.m */,
				112F491E20BE374A00B4AEB5 /* Info.plist */,
			);
			path = signinDemoUITests;
			sourceTree = "<group>";
		};
		112F494420BE3E5F00B4AEB5 /* 打卡日历 */ = {
			isa = PBXGroup;
			children = (
				112F494E20BE3E7A00B4AEB5 /* FUCandarContentCell.h */,
				112F494620BE3E7900B4AEB5 /* FUCandarContentCell.m */,
				112F494920BE3E7900B4AEB5 /* FUCandarContentCell.xib */,
				112F494720BE3E7900B4AEB5 /* FUCandarModel.h */,
				112F494820BE3E7900B4AEB5 /* FUCandarModel.m */,
				112F494520BE3E7900B4AEB5 /* FUCandarWeekCell.h */,
				112F494A20BE3E7900B4AEB5 /* FUCandarWeekCell.m */,
				112F494B20BE3E7A00B4AEB5 /* FUCandarWeekCell.xib */,
				112F494C20BE3E7A00B4AEB5 /* FUcanlendarHeader.h */,
				112F494D20BE3E7A00B4AEB5 /* FUCanlendarView.h */,
				112F494F20BE3E7A00B4AEB5 /* FUCanlendarView.m */,
				112F495020BE3E7A00B4AEB5 /* FUCanlendarView.xib */,
			);
			path = "打卡日历";
			sourceTree = "<group>";
		};
		40C70C8E83AD9FCA76CA8F55 /* Pods */ = {
			isa = PBXGroup;
			children = (
				A862EEC451BEA796C98E3114 /* Pods-signinDemo.debug.xcconfig */,
				4D447316C287D933C3ED4C5D /* Pods-signinDemo.release.xcconfig */,
			);
			name = Pods;
			sourceTree = "<group>";
		};
		C6824F751A7F6B1BA4A815A9 /* Frameworks */ = {
			isa = PBXGroup;
			children = (
				4B47E2681F89871B5466B58F /* libPods-signinDemo.a */,
			);
			name = Frameworks;
			sourceTree = "<group>";
		};
/* End PBXGroup section */

/* Begin PBXNativeTarget section */
		112F48F420BE374800B4AEB5 /* signinDemo */ = {
			isa = PBXNativeTarget;
			buildConfigurationList = 112F492120BE374A00B4AEB5 /* Build configuration list for PBXNativeTarget "signinDemo" */;
			buildPhases = (
				43CD137F5880647B2B202A40 /* [CP] Check Pods Manifest.lock */,
				112F48F120BE374800B4AEB5 /* Sources */,
				112F48F220BE374800B4AEB5 /* Frameworks */,
				112F48F320BE374800B4AEB5 /* Resources */,
				313D71E609AB2F796235869F /* [CP] Copy Pods Resources */,
			);
			buildRules = (
			);
			dependencies = (
			);
			name = signinDemo;
			productName = signinDemo;
			productReference = 112F48F520BE374800B4AEB5 /* signinDemo.app */;
			productType = "com.apple.product-type.application";
		};
		112F490C20BE374A00B4AEB5 /* signinDemoTests */ = {
			isa = PBXNativeTarget;
			buildConfigurationList = 112F492420BE374A00B4AEB5 /* Build configuration list for PBXNativeTarget "signinDemoTests" */;
			buildPhases = (
				112F490920BE374A00B4AEB5 /* Sources */,
				112F490A20BE374A00B4AEB5 /* Frameworks */,
				112F490B20BE374A00B4AEB5 /* Resources */,
			);
			buildRules = (
			);
			dependencies = (
				112F490F20BE374A00B4AEB5 /* PBXTargetDependency */,
			);
			name = signinDemoTests;
			productName = signinDemoTests;
			productReference = 112F490D20BE374A00B4AEB5 /* signinDemoTests.xctest */;
			productType = "com.apple.product-type.bundle.unit-test";
		};
		112F491720BE374A00B4AEB5 /* signinDemoUITests */ = {
			isa = PBXNativeTarget;
			buildConfigurationList = 112F492720BE374A00B4AEB5 /* Build configuration list for PBXNativeTarget "signinDemoUITests" */;
			buildPhases = (
				112F491420BE374A00B4AEB5 /* Sources */,
				112F491520BE374A00B4AEB5 /* Frameworks */,
				112F491620BE374A00B4AEB5 /* Resources */,
			);
			buildRules = (
			);
			dependencies = (
				112F491A20BE374A00B4AEB5 /* PBXTargetDependency */,
			);
			name = signinDemoUITests;
			productName = signinDemoUITests;
			productReference = 112F491820BE374A00B4AEB5 /* signinDemoUITests.xctest */;
			productType = "com.apple.product-type.bundle.ui-testing";
		};
/* End PBXNativeTarget section */

/* Begin PBXProject section */
		112F48ED20BE374800B4AEB5 /* Project object */ = {
			isa = PBXProject;
			attributes = {
				LastUpgradeCheck = 0930;
				ORGANIZATIONNAME = huangping;
				TargetAttributes = {
					112F48F420BE374800B4AEB5 = {
						CreatedOnToolsVersion = 9.3;
					};
					112F490C20BE374A00B4AEB5 = {
						CreatedOnToolsVersion = 9.3;
						TestTargetID = 112F48F420BE374800B4AEB5;
					};
					112F491720BE374A00B4AEB5 = {
						CreatedOnToolsVersion = 9.3;
						TestTargetID = 112F48F420BE374800B4AEB5;
					};
				};
			};
			buildConfigurationList = 112F48F020BE374800B4AEB5 /* Build configuration list for PBXProject "signinDemo" */;
			compatibilityVersion = "Xcode 9.3";
			developmentRegion = en;
			hasScannedForEncodings = 0;
			knownRegions = (
				en,
				Base,
			);
			mainGroup = 112F48EC20BE374800B4AEB5;
			productRefGroup = 112F48F620BE374800B4AEB5 /* Products */;
			projectDirPath = "";
			projectRoot = "";
			targets = (
				112F48F420BE374800B4AEB5 /* signinDemo */,
				112F490C20BE374A00B4AEB5 /* signinDemoTests */,
				112F491720BE374A00B4AEB5 /* signinDemoUITests */,
			);
		};
/* End PBXProject section */

/* Begin PBXResourcesBuildPhase section */
		112F48F320BE374800B4AEB5 /* Resources */ = {
			isa = PBXResourcesBuildPhase;
			buildActionMask = 2147483647;
			files = (
				112F490520BE374900B4AEB5 /* LaunchScreen.storyboard in Resources */,
				112F490220BE374900B4AEB5 /* Assets.xcassets in Resources */,
				112F495520BE3E7A00B4AEB5 /* FUCandarWeekCell.xib in Resources */,
				112F495920BE467100B4AEB5 /* screen.png in Resources */,
				112F490020BE374800B4AEB5 /* Main.storyboard in Resources */,
				112F495720BE3E7A00B4AEB5 /* FUCanlendarView.xib in Resources */,
				112F495320BE3E7A00B4AEB5 /* FUCandarContentCell.xib in Resources */,
			);
			runOnlyForDeploymentPostprocessing = 0;
		};
		112F490B20BE374A00B4AEB5 /* Resources */ = {
			isa = PBXResourcesBuildPhase;
			buildActionMask = 2147483647;
			files = (
			);
			runOnlyForDeploymentPostprocessing = 0;
		};
		112F491620BE374A00B4AEB5 /* Resources */ = {
			isa = PBXResourcesBuildPhase;
			buildActionMask = 2147483647;
			files = (
			);
			runOnlyForDeploymentPostprocessing = 0;
		};
/* End PBXResourcesBuildPhase section */

/* Begin PBXShellScriptBuildPhase section */
		313D71E609AB2F796235869F /* [CP] Copy Pods Resources */ = {
			isa = PBXShellScriptBuildPhase;
			buildActionMask = 2147483647;
			files = (
			);
			inputPaths = (
				"${SRCROOT}/Pods/Target Support Files/Pods-signinDemo/Pods-signinDemo-resources.sh",
				"${PODS_ROOT}/IQKeyboardManager/IQKeyboardManager/Resources/IQKeyboardManager.bundle",
				"${PODS_ROOT}/MJRefresh/MJRefresh/MJRefresh.bundle",
				"${PODS_ROOT}/SVProgressHUD/SVProgressHUD/SVProgressHUD.bundle",
			);
			name = "[CP] Copy Pods Resources";
			outputPaths = (
				"${TARGET_BUILD_DIR}/${UNLOCALIZED_RESOURCES_FOLDER_PATH}/IQKeyboardManager.bundle",
				"${TARGET_BUILD_DIR}/${UNLOCALIZED_RESOURCES_FOLDER_PATH}/MJRefresh.bundle",
				"${TARGET_BUILD_DIR}/${UNLOCALIZED_RESOURCES_FOLDER_PATH}/SVProgressHUD.bundle",
			);
			runOnlyForDeploymentPostprocessing = 0;
			shellPath = /bin/sh;
			shellScript = "\"${SRCROOT}/Pods/Target Support Files/Pods-signinDemo/Pods-signinDemo-resources.sh\"\n";
			showEnvVarsInLog = 0;
		};
		43CD137F5880647B2B202A40 /* [CP] Check Pods Manifest.lock */ = {
			isa = PBXShellScriptBuildPhase;
			buildActionMask = 2147483647;
			files = (
			);
			inputPaths = (
				"${PODS_PODFILE_DIR_PATH}/Podfile.lock",
				"${PODS_ROOT}/Manifest.lock",
			);
			name = "[CP] Check Pods Manifest.lock";
			outputPaths = (
				"$(DERIVED_FILE_DIR)/Pods-signinDemo-checkManifestLockResult.txt",
			);
			runOnlyForDeploymentPostprocessing = 0;
			shellPath = /bin/sh;
			shellScript = "diff \"${PODS_PODFILE_DIR_PATH}/Podfile.lock\" \"${PODS_ROOT}/Manifest.lock\" > /dev/null\nif [ $? != 0 ] ; then\n    # print error to STDERR\n    echo \"error: The sandbox is not in sync with the Podfile.lock. Run 'pod install' or update your CocoaPods installation.\" >&2\n    exit 1\nfi\n# This output is used by Xcode 'outputs' to avoid re-running this script phase.\necho \"SUCCESS\" > \"${SCRIPT_OUTPUT_FILE_0}\"\n";
			showEnvVarsInLog = 0;
		};
/* End PBXShellScriptBuildPhase section */

/* Begin PBXSourcesBuildPhase section */
		112F48F120BE374800B4AEB5 /* Sources */ = {
			isa = PBXSourcesBuildPhase;
			buildActionMask = 2147483647;
			files = (
				112F48FD20BE374800B4AEB5 /* ViewController.m in Sources */,
				112F495420BE3E7A00B4AEB5 /* FUCandarWeekCell.m in Sources */,
				112F495620BE3E7A00B4AEB5 /* FUCanlendarView.m in Sources */,
				112F490820BE374900B4AEB5 /* main.m in Sources */,
				112F48FA20BE374800B4AEB5 /* AppDelegate.m in Sources */,
				112F495220BE3E7A00B4AEB5 /* FUCandarModel.m in Sources */,
				112F495120BE3E7A00B4AEB5 /* FUCandarContentCell.m in Sources */,
			);
			runOnlyForDeploymentPostprocessing = 0;
		};
		112F490920BE374A00B4AEB5 /* Sources */ = {
			isa = PBXSourcesBuildPhase;
			buildActionMask = 2147483647;
			files = (
				112F491220BE374A00B4AEB5 /* signinDemoTests.m in Sources */,
			);
			runOnlyForDeploymentPostprocessing = 0;
		};
		112F491420BE374A00B4AEB5 /* Sources */ = {
			isa = PBXSourcesBuildPhase;
			buildActionMask = 2147483647;
			files = (
				112F491D20BE374A00B4AEB5 /* signinDemoUITests.m in Sources */,
			);
			runOnlyForDeploymentPostprocessing = 0;
		};
/* End PBXSourcesBuildPhase section */

/* Begin PBXTargetDependency section */
		112F490F20BE374A00B4AEB5 /* PBXTargetDependency */ = {
			isa = PBXTargetDependency;
			target = 112F48F420BE374800B4AEB5 /* signinDemo */;
			targetProxy = 112F490E20BE374A00B4AEB5 /* PBXContainerItemProxy */;
		};
		112F491A20BE374A00B4AEB5 /* PBXTargetDependency */ = {
			isa = PBXTargetDependency;
			target = 112F48F420BE374800B4AEB5 /* signinDemo */;
			targetProxy = 112F491920BE374A00B4AEB5 /* PBXContainerItemProxy */;
		};
/* End PBXTargetDependency section */

/* Begin PBXVariantGroup section */
		112F48FE20BE374800B4AEB5 /* Main.storyboard */ = {
			isa = PBXVariantGroup;
			children = (
				112F48FF20BE374800B4AEB5 /* Base */,
			);
			name = Main.storyboard;
			sourceTree = "<group>";
		};
		112F490320BE374900B4AEB5 /* LaunchScreen.storyboard */ = {
			isa = PBXVariantGroup;
			children = (
				112F490420BE374900B4AEB5 /* Base */,
			);
			name = LaunchScreen.storyboard;
			sourceTree = "<group>";
		};
/* End PBXVariantGroup section */

/* Begin XCBuildConfiguration section */
		112F491F20BE374A00B4AEB5 /* Debug */ = {
			isa = XCBuildConfiguration;
			buildSettings = {
				ALWAYS_SEARCH_USER_PATHS = NO;
				CLANG_ANALYZER_NONNULL = YES;
				CLANG_ANALYZER_NUMBER_OBJECT_CONVERSION = YES_AGGRESSIVE;
				CLANG_CXX_LANGUAGE_STANDARD = "gnu++14";
				CLANG_CXX_LIBRARY = "libc++";
				CLANG_ENABLE_MODULES = YES;
				CLANG_ENABLE_OBJC_ARC = YES;
				CLANG_ENABLE_OBJC_WEAK = YES;
				CLANG_WARN_BLOCK_CAPTURE_AUTORELEASING = YES;
				CLANG_WARN_BOOL_CONVERSION = YES;
				CLANG_WARN_COMMA = YES;
				CLANG_WARN_CONSTANT_CONVERSION = YES;
				CLANG_WARN_DEPRECATED_OBJC_IMPLEMENTATIONS = YES;
				CLANG_WARN_DIRECT_OBJC_ISA_USAGE = YES_ERROR;
				CLANG_WARN_DOCUMENTATION_COMMENTS = YES;
				CLANG_WARN_EMPTY_BODY = YES;
				CLANG_WARN_ENUM_CONVERSION = YES;
				CLANG_WARN_INFINITE_RECURSION = YES;
				CLANG_WARN_INT_CONVERSION = YES;
				CLANG_WARN_NON_LITERAL_NULL_CONVERSION = YES;
				CLANG_WARN_OBJC_IMPLICIT_RETAIN_SELF = YES;
				CLANG_WARN_OBJC_LITERAL_CONVERSION = YES;
				CLANG_WARN_OBJC_ROOT_CLASS = YES_ERROR;
				CLANG_WARN_RANGE_LOOP_ANALYSIS = YES;
				CLANG_WARN_STRICT_PROTOTYPES = YES;
				CLANG_WARN_SUSPICIOUS_MOVE = YES;
				CLANG_WARN_UNGUARDED_AVAILABILITY = YES_AGGRESSIVE;
				CLANG_WARN_UNREACHABLE_CODE = YES;
				CLANG_WARN__DUPLICATE_METHOD_MATCH = YES;
				CODE_SIGN_IDENTITY = "iPhone Developer";
				COPY_PHASE_STRIP = NO;
				DEBUG_INFORMATION_FORMAT = dwarf;
				ENABLE_STRICT_OBJC_MSGSEND = YES;
				ENABLE_TESTABILITY = YES;
				GCC_C_LANGUAGE_STANDARD = gnu11;
				GCC_DYNAMIC_NO_PIC = NO;
				GCC_NO_COMMON_BLOCKS = YES;
				GCC_OPTIMIZATION_LEVEL = 0;
				GCC_PREPROCESSOR_DEFINITIONS = (
					"DEBUG=1",
					"$(inherited)",
				);
				GCC_WARN_64_TO_32_BIT_CONVERSION = YES;
				GCC_WARN_ABOUT_RETURN_TYPE = YES_ERROR;
				GCC_WARN_UNDECLARED_SELECTOR = YES;
				GCC_WARN_UNINITIALIZED_AUTOS = YES_AGGRESSIVE;
				GCC_WARN_UNUSED_FUNCTION = YES;
				GCC_WARN_UNUSED_VARIABLE = YES;
				IPHONEOS_DEPLOYMENT_TARGET = 11.3;
				MTL_ENABLE_DEBUG_INFO = YES;
				ONLY_ACTIVE_ARCH = YES;
				SDKROOT = iphoneos;
			};
			name = Debug;
		};
		112F492020BE374A00B4AEB5 /* Release */ = {
			isa = XCBuildConfiguration;
			buildSettings = {
				ALWAYS_SEARCH_USER_PATHS = NO;
				CLANG_ANALYZER_NONNULL = YES;
				CLANG_ANALYZER_NUMBER_OBJECT_CONVERSION = YES_AGGRESSIVE;
				CLANG_CXX_LANGUAGE_STANDARD = "gnu++14";
				CLANG_CXX_LIBRARY = "libc++";
				CLANG_ENABLE_MODULES = YES;
				CLANG_ENABLE_OBJC_ARC = YES;
				CLANG_ENABLE_OBJC_WEAK = YES;
				CLANG_WARN_BLOCK_CAPTURE_AUTORELEASING = YES;
				CLANG_WARN_BOOL_CONVERSION = YES;
				CLANG_WARN_COMMA = YES;
				CLANG_WARN_CONSTANT_CONVERSION = YES;
				CLANG_WARN_DEPRECATED_OBJC_IMPLEMENTATIONS = YES;
				CLANG_WARN_DIRECT_OBJC_ISA_USAGE = YES_ERROR;
				CLANG_WARN_DOCUMENTATION_COMMENTS = YES;
				CLANG_WARN_EMPTY_BODY = YES;
				CLANG_WARN_ENUM_CONVERSION = YES;
				CLANG_WARN_INFINITE_RECURSION = YES;
				CLANG_WARN_INT_CONVERSION = YES;
				CLANG_WARN_NON_LITERAL_NULL_CONVERSION = YES;
				CLANG_WARN_OBJC_IMPLICIT_RETAIN_SELF = YES;
				CLANG_WARN_OBJC_LITERAL_CONVERSION = YES;
				CLANG_WARN_OBJC_ROOT_CLASS = YES_ERROR;
				CLANG_WARN_RANGE_LOOP_ANALYSIS = YES;
				CLANG_WARN_STRICT_PROTOTYPES = YES;
				CLANG_WARN_SUSPICIOUS_MOVE = YES;
				CLANG_WARN_UNGUARDED_AVAILABILITY = YES_AGGRESSIVE;
				CLANG_WARN_UNREACHABLE_CODE = YES;
				CLANG_WARN__DUPLICATE_METHOD_MATCH = YES;
				CODE_SIGN_IDENTITY = "iPhone Developer";
				COPY_PHASE_STRIP = NO;
				DEBUG_INFORMATION_FORMAT = "dwarf-with-dsym";
				ENABLE_NS_ASSERTIONS = NO;
				ENABLE_STRICT_OBJC_MSGSEND = YES;
				GCC_C_LANGUAGE_STANDARD = gnu11;
				GCC_NO_COMMON_BLOCKS = YES;
				GCC_WARN_64_TO_32_BIT_CONVERSION = YES;
				GCC_WARN_ABOUT_RETURN_TYPE = YES_ERROR;
				GCC_WARN_UNDECLARED_SELECTOR = YES;
				GCC_WARN_UNINITIALIZED_AUTOS = YES_AGGRESSIVE;
				GCC_WARN_UNUSED_FUNCTION = YES;
				GCC_WARN_UNUSED_VARIABLE = YES;
				IPHONEOS_DEPLOYMENT_TARGET = 11.3;
				MTL_ENABLE_DEBUG_INFO = NO;
				SDKROOT = iphoneos;
				VALIDATE_PRODUCT = YES;
			};
			name = Release;
		};
		112F492220BE374A00B4AEB5 /* Debug */ = {
			isa = XCBuildConfiguration;
			baseConfigurationReference = A862EEC451BEA796C98E3114 /* Pods-signinDemo.debug.xcconfig */;
			buildSettings = {
				ASSETCATALOG_COMPILER_APPICON_NAME = AppIcon;
				CODE_SIGN_STYLE = Automatic;
				DEVELOPMENT_TEAM = A4436LF79T;
				INFOPLIST_FILE = signinDemo/Info.plist;
				LD_RUNPATH_SEARCH_PATHS = (
					"$(inherited)",
					"@executable_path/Frameworks",
				);
				PRODUCT_BUNDLE_IDENTIFIER = com.asap.signinDemo;
				PRODUCT_NAME = "$(TARGET_NAME)";
				TARGETED_DEVICE_FAMILY = 1;
			};
			name = Debug;
		};
		112F492320BE374A00B4AEB5 /* Release */ = {
			isa = XCBuildConfiguration;
			baseConfigurationReference = 4D447316C287D933C3ED4C5D /* Pods-signinDemo.release.xcconfig */;
			buildSettings = {
				ASSETCATALOG_COMPILER_APPICON_NAME = AppIcon;
				CODE_SIGN_STYLE = Automatic;
				DEVELOPMENT_TEAM = A4436LF79T;
				INFOPLIST_FILE = signinDemo/Info.plist;
				LD_RUNPATH_SEARCH_PATHS = (
					"$(inherited)",
					"@executable_path/Frameworks",
				);
				PRODUCT_BUNDLE_IDENTIFIER = com.asap.signinDemo;
				PRODUCT_NAME = "$(TARGET_NAME)";
				TARGETED_DEVICE_FAMILY = 1;
			};
			name = Release;
		};
		112F492520BE374A00B4AEB5 /* Debug */ = {
			isa = XCBuildConfiguration;
			buildSettings = {
				BUNDLE_LOADER = "$(TEST_HOST)";
				CODE_SIGN_STYLE = Automatic;
				DEVELOPMENT_TEAM = A4436LF79T;
				INFOPLIST_FILE = signinDemoTests/Info.plist;
				LD_RUNPATH_SEARCH_PATHS = (
					"$(inherited)",
					"@executable_path/Frameworks",
					"@loader_path/Frameworks",
				);
				PRODUCT_BUNDLE_IDENTIFIER = com.asap.signinDemoTests;
				PRODUCT_NAME = "$(TARGET_NAME)";
				TARGETED_DEVICE_FAMILY = "1,2";
				TEST_HOST = "$(BUILT_PRODUCTS_DIR)/signinDemo.app/signinDemo";
			};
			name = Debug;
		};
		112F492620BE374A00B4AEB5 /* Release */ = {
			isa = XCBuildConfiguration;
			buildSettings = {
				BUNDLE_LOADER = "$(TEST_HOST)";
				CODE_SIGN_STYLE = Automatic;
				DEVELOPMENT_TEAM = A4436LF79T;
				INFOPLIST_FILE = signinDemoTests/Info.plist;
				LD_RUNPATH_SEARCH_PATHS = (
					"$(inherited)",
					"@executable_path/Frameworks",
					"@loader_path/Frameworks",
				);
				PRODUCT_BUNDLE_IDENTIFIER = com.asap.signinDemoTests;
				PRODUCT_NAME = "$(TARGET_NAME)";
				TARGETED_DEVICE_FAMILY = "1,2";
				TEST_HOST = "$(BUILT_PRODUCTS_DIR)/signinDemo.app/signinDemo";
			};
			name = Release;
		};
		112F492820BE374A00B4AEB5 /* Debug */ = {
			isa = XCBuildConfiguration;
			buildSettings = {
				CODE_SIGN_STYLE = Automatic;
				DEVELOPMENT_TEAM = A4436LF79T;
				INFOPLIST_FILE = signinDemoUITests/Info.plist;
				LD_RUNPATH_SEARCH_PATHS = (
					"$(inherited)",
					"@executable_path/Frameworks",
					"@loader_path/Frameworks",
				);
				PRODUCT_BUNDLE_IDENTIFIER = com.asap.signinDemoUITests;
				PRODUCT_NAME = "$(TARGET_NAME)";
				TARGETED_DEVICE_FAMILY = "1,2";
				TEST_TARGET_NAME = signinDemo;
			};
			name = Debug;
		};
		112F492920BE374A00B4AEB5 /* Release */ = {
			isa = XCBuildConfiguration;
			buildSettings = {
				CODE_SIGN_STYLE = Automatic;
				DEVELOPMENT_TEAM = A4436LF79T;
				INFOPLIST_FILE = signinDemoUITests/Info.plist;
				LD_RUNPATH_SEARCH_PATHS = (
					"$(inherited)",
					"@executable_path/Frameworks",
					"@loader_path/Frameworks",
				);
				PRODUCT_BUNDLE_IDENTIFIER = com.asap.signinDemoUITests;
				PRODUCT_NAME = "$(TARGET_NAME)";
				TARGETED_DEVICE_FAMILY = "1,2";
				TEST_TARGET_NAME = signinDemo;
			};
			name = Release;
		};
/* End XCBuildConfiguration section */

/* Begin XCConfigurationList section */
		112F48F020BE374800B4AEB5 /* Build configuration list for PBXProject "signinDemo" */ = {
			isa = XCConfigurationList;
			buildConfigurations = (
				112F491F20BE374A00B4AEB5 /* Debug */,
				112F492020BE374A00B4AEB5 /* Release */,
			);
			defaultConfigurationIsVisible = 0;
			defaultConfigurationName = Release;
		};
		112F492120BE374A00B4AEB5 /* Build configuration list for PBXNativeTarget "signinDemo" */ = {
			isa = XCConfigurationList;
			buildConfigurations = (
				112F492220BE374A00B4AEB5 /* Debug */,
				112F492320BE374A00B4AEB5 /* Release */,
			);
			defaultConfigurationIsVisible = 0;
			defaultConfigurationName = Release;
		};
		112F492420BE374A00B4AEB5 /* Build configuration list for PBXNativeTarget "signinDemoTests" */ = {
			isa = XCConfigurationList;
			buildConfigurations = (
				112F492520BE374A00B4AEB5 /* Debug */,
				112F492620BE374A00B4AEB5 /* Release */,
			);
			defaultConfigurationIsVisible = 0;
			defaultConfigurationName = Release;
		};
		112F492720BE374A00B4AEB5 /* Build configuration list for PBXNativeTarget "signinDemoUITests" */ = {
			isa = XCConfigurationList;
			buildConfigurations = (
				112F492820BE374A00B4AEB5 /* Debug */,
				112F492920BE374A00B4AEB5 /* Release */,
			);
			defaultConfigurationIsVisible = 0;
			defaultConfigurationName = Release;
		};
/* End XCConfigurationList section */
	};
	rootObject = 112F48ED20BE374800B4AEB5 /* Project object */;
}
